
Microsoft Visual Studio Solution File, Format Version 12.00
# Visual Studio Version 16
VisualStudioVersion = 16.0.32510.428
MinimumVisualStudioVersion = 10.0.40219.1
Project("{FAE04EC0-301F-11D3-BF4B-00C04F79EFBC}") = "Proiect", "Proiect.csproj", "{898CE7C2-61EE-4053-9CB5-0DA797DB0D41}"
EndProject
Global
	GlobalSection(SolutionConfigurationPlatforms) = preSolution
		Debug|Any CPU = Debug|Any CPU
		Release|Any CPU = Release|Any CPU
	EndGlobalSection
	GlobalSection(ProjectConfigurationPlatforms) = postSolution
		{898CE7C2-61EE-4053-9CB5-0DA797DB0D41}.Debug|Any CPU.ActiveCfg = Debug|Any CPU
		{898CE7C2-61EE-4053-9CB5-0DA797DB0D41}.Debug|Any CPU.Build.0 = Debug|Any CPU
		{898CE7C2-61EE-4053-9CB5-0DA797DB0D41}.Release|Any CPU.ActiveCfg = Release|Any CPU
		{898CE7C2-61EE-4053-9CB5-0DA797DB0D41}.Release|Any CPU.Build.0 = Release|Any CPU
	EndGlobalSection
	GlobalSection(SolutionProperties) = preSolution
		HideSolutionNode = FALSE
	EndGlobalSection
	GlobalSection(ExtensibilityGlobals) = postSolution
		SolutionGuid = {8099A78F-C324-4B50-BE3A-77D2A9A86AD7}
	EndGlobalSection
EndGlobal
